Microsoft Visual Studio Solution File, Format Version 12.00
# Visual Studio Version 17
VisualStudioVersion = 17.5.33414.496
MinimumVisualStudioVersion = 10.0.40219.1
Project("{9A19103F-16F7-4668-BE54-9A1E7A4F7556}") = "SynStringMerger", "SynStringMerger\SynStringMerger.csproj", "{8BA2E1B7-DD65-42B6-A780-17E4037A3C1B}"
EndProject
Project("{2150E333-8FDC-42A3-9474-1A3956D46DE8}") = "Solution Items", "Solution Items", "{AFFFF736-F93C-4119-ABEF-4D336498D211}"
	ProjectSection(SolutionItems) = preProject
		README.md = README.md
	EndProjectSection
EndProject
Project("{2150E333-8FDC-42A3-9474-1A3956D46DE8}") = "Assets", "Assets", "{F20742E4-025F-468E-96EB-3D4867F99AFF}"
	ProjectSection(SolutionItems) = preProject
		Assets\ResolveFromOriginNotice.png = Assets\ResolveFromOriginNotice.png
	EndProjectSection
EndProject
Global
	GlobalSection(SolutionConfigurationPlatforms) = preSolution
		Debug|Any CPU = Debug|Any CPU
		Release|Any CPU = Release|Any CPU
	EndGlobalSection
	GlobalSection(ProjectConfigurationPlatforms) = postSolution
		{8BA2E1B7-DD65-42B6-A780-17E4037A3C1B}.Debug|Any CPU.ActiveCfg = Debug|Any CPU
		{8BA2E1B7-DD65-42B6-A780-17E4037A3C1B}.Debug|Any CPU.Build.0 = Debug|Any CPU
		{8BA2E1B7-DD65-42B6-A780-17E4037A3C1B}.Release|Any CPU.ActiveCfg = Release|Any CPU
		{8BA2E1B7-DD65-42B6-A780-17E4037A3C1B}.Release|Any CPU.Build.0 = Release|Any CPU
	EndGlobalSection
	GlobalSection(SolutionProperties) = preSolution
		HideSolutionNode = FALSE
	EndGlobalSection
	GlobalSection(NestedProjects) = preSolution
		{F20742E4-025F-468E-96EB-3D4867F99AFF} = {AFFFF736-F93C-4119-ABEF-4D336498D211}
	EndGlobalSection
	GlobalSection(ExtensibilityGlobals) = postSolution
		SolutionGuid = {0CA31A25-7D30-4E98-8CCE-8230FF03259F}
	EndGlobalSection
EndGlobal
